
Microsoft Visual Studio Solution File, Format Version 12.00
# Visual Studio Version 17
VisualStudioVersion = 17.5.33424.131
MinimumVisualStudioVersion = 10.0.40219.1
Project("{FAE04EC0-301F-11D3-BF4B-00C04F79EFBC}") = "PhoneContactAPI", "PhoneContactAPI\PhoneContactAPI.csproj", "{7930C785-CD22-43A7-AD01-DE50AF2EA876}"
EndProject
Global
	GlobalSection(SolutionConfigurationPlatforms) = preSolution
		Debug|Any CPU = Debug|Any CPU
		Release|Any CPU = Release|Any CPU
	EndGlobalSection
	GlobalSection(ProjectConfigurationPlatforms) = postSolution
		{7930C785-CD22-43A7-AD01-DE50AF2EA876}.Debug|Any CPU.ActiveCfg = Debug|Any CPU
		{7930C785-CD22-43A7-AD01-DE50AF2EA876}.Debug|Any CPU.Build.0 = Debug|Any CPU
		{7930C785-CD22-43A7-AD01-DE50AF2EA876}.Release|Any CPU.ActiveCfg = Release|Any CPU
		{7930C785-CD22-43A7-AD01-DE50AF2EA876}.Release|Any CPU.Build.0 = Release|Any CPU
	EndGlobalSection
	GlobalSection(SolutionProperties) = preSolution
		HideSolutionNode = FALSE
	EndGlobalSection
	GlobalSection(ExtensibilityGlobals) = postSolution
		SolutionGuid = {8FBBBE7C-88B9-455B-88FF-EDC39C8FAD78}
	EndGlobalSection
EndGlobal
